
Microsoft Visual Studio Solution File, Format Version 12.00
# Visual Studio Version 17
VisualStudioVersion = 17.5.33424.131
MinimumVisualStudioVersion = 10.0.40219.1
Project("{FAE04EC0-301F-11D3-BF4B-00C04F79EFBC}") = "task_manager", "task_manager.csproj", "{B655DACA-50FD-4020-B332-D2654AB8FEC4}"
EndProject
Global
	GlobalSection(SolutionConfigurationPlatforms) = preSolution
		Debug|Any CPU = Debug|Any CPU
		Release|Any CPU = Release|Any CPU
	EndGlobalSection
	GlobalSection(ProjectConfigurationPlatforms) = postSolution
		{B655DACA-50FD-4020-B332-D2654AB8FEC4}.Debug|Any CPU.ActiveCfg = Debug|Any CPU
		{B655DACA-50FD-4020-B332-D2654AB8FEC4}.Debug|Any CPU.Build.0 = Debug|Any CPU
		{B655DACA-50FD-4020-B332-D2654AB8FEC4}.Release|Any CPU.ActiveCfg = Release|Any CPU
		{B655DACA-50FD-4020-B332-D2654AB8FEC4}.Release|Any CPU.Build.0 = Release|Any CPU
	EndGlobalSection
	GlobalSection(SolutionProperties) = preSolution
		HideSolutionNode = FALSE
	EndGlobalSection
	GlobalSection(ExtensibilityGlobals) = postSolution
		SolutionGuid = {75EA38B9-E0AC-49EE-BD47-59C663AEC7D4}
	EndGlobalSection
EndGlobal
